
Microsoft Visual Studio Solution File, Format Version 12.00
# Visual Studio Version 16
VisualStudioVersion = 16.0.32228.343
MinimumVisualStudioVersion = 10.0.40219.1
Project("{9A19103F-16F7-4668-BE54-9A1E7A4F7556}") = "InventoryWepApi", "InventoryWepApi\InventoryWepApi.csproj", "{006F2A93-6883-435A-BCA1-BE5ECF467977}"
EndProject
Project("{9A19103F-16F7-4668-BE54-9A1E7A4F7556}") = "InventoryDataAccess", "InventoryDataAccess\InventoryDataAccess.csproj", "{A03D6DBB-4232-49A4-B313-DC45E67C12DF}"
EndProject
Project("{FAE04EC0-301F-11D3-BF4B-00C04F79EFBC}") = "InventoryBusiness Logic", "InventoryBusiness Logic\InventoryBusiness Logic.csproj", "{76D1659B-BBA6-4449-A478-FBEFF1AE96B3}"
EndProject
Global
	GlobalSection(SolutionConfigurationPlatforms) = preSolution
		Debug|Any CPU = Debug|Any CPU
		Release|Any CPU = Release|Any CPU
	EndGlobalSection
	GlobalSection(ProjectConfigurationPlatforms) = postSolution
		{006F2A93-6883-435A-BCA1-BE5ECF467977}.Debug|Any CPU.ActiveCfg = Debug|Any CPU
		{006F2A93-6883-435A-BCA1-BE5ECF467977}.Debug|Any CPU.Build.0 = Debug|Any CPU
		{006F2A93-6883-435A-BCA1-BE5ECF467977}.Release|Any CPU.ActiveCfg = Release|Any CPU
		{006F2A93-6883-435A-BCA1-BE5ECF467977}.Release|Any CPU.Build.0 = Release|Any CPU
		{A03D6DBB-4232-49A4-B313-DC45E67C12DF}.Debug|Any CPU.ActiveCfg = Debug|Any CPU
		{A03D6DBB-4232-49A4-B313-DC45E67C12DF}.Debug|Any CPU.Build.0 = Debug|Any CPU
		{A03D6DBB-4232-49A4-B313-DC45E67C12DF}.Release|Any CPU.ActiveCfg = Release|Any CPU
		{A03D6DBB-4232-49A4-B313-DC45E67C12DF}.Release|Any CPU.Build.0 = Release|Any CPU
		{76D1659B-BBA6-4449-A478-FBEFF1AE96B3}.Debug|Any CPU.ActiveCfg = Debug|Any CPU
		{76D1659B-BBA6-4449-A478-FBEFF1AE96B3}.Debug|Any CPU.Build.0 = Debug|Any CPU
		{76D1659B-BBA6-4449-A478-FBEFF1AE96B3}.Release|Any CPU.ActiveCfg = Release|Any CPU
		{76D1659B-BBA6-4449-A478-FBEFF1AE96B3}.Release|Any CPU.Build.0 = Release|Any CPU
	EndGlobalSection
	GlobalSection(SolutionProperties) = preSolution
		HideSolutionNode = FALSE
	EndGlobalSection
	GlobalSection(ExtensibilityGlobals) = postSolution
		SolutionGuid = {AF45C848-0AF9-4E5F-B8BF-9CD3C87FEB65}
	EndGlobalSection
EndGlobal
